// !$*UTF8*$!
{
	archiveVersion = 1;
	classes = {
	};
	objectVersion = 50;
	objects = {

/* Begin PBXBuildFile section */
		97C64671256F8B6300362AD9 /* AppDelegate.swift in Sources */ = {isa = PBXBuildFile; fileRef = 97C64670256F8B6300362AD9 /* AppDelegate.swift */; };
		97C64673256F8B6300362AD9 /* SceneDelegate.swift in Sources */ = {isa = PBXBuildFile; fileRef = 97C64672256F8B6300362AD9 /* SceneDelegate.swift */; };
		97C64675256F8B6300362AD9 /* ViewController.swift in Sources */ = {isa = PBXBuildFile; fileRef = 97C64674256F8B6300362AD9 /* ViewController.swift */; };
		97C64678256F8B6300362AD9 /* Main.storyboard in Resources */ = {isa = PBXBuildFile; fileRef = 97C64676256F8B6300362AD9 /* Main.storyboard */; };
		97C6467A256F8B6400362AD9 /* Assets.xcassets in Resources */ = {isa = PBXBuildFile; fileRef = 97C64679256F8B6400362AD9 /* Assets.xcassets */; };
		97C6467D256F8B6400362AD9 /* LaunchScreen.storyboard in Resources */ = {isa = PBXBuildFile; fileRef = 97C6467B256F8B6400362AD9 /* LaunchScreen.storyboard */; };
		97C64686256F97FD00362AD9 /* Concentration.swift in Sources */ = {isa = PBXBuildFile; fileRef = 97C64685256F97FD00362AD9 /* Concentration.swift */; };
		97C6468A256F986C00362AD9 /* Card.swift in Sources */ = {isa = PBXBuildFile; fileRef = 97C64689256F986C00362AD9 /* Card.swift */; };
/* End PBXBuildFile section */

/* Begin PBXFileReference section */
		97C6466D256F8B6300362AD9 /* Concentration Game (MVC).app */ = {isa = PBXFileReference; explicitFileType = wrapper.application; includeInIndex = 0; path = "Concentration Game (MVC).app"; sourceTree = BUILT_PRODUCTS_DIR; };
		97C64670256F8B6300362AD9 /* AppDelegate.swift */ = {isa = PBXFileReference; lastKnownFileType = sourcecode.swift; path = AppDelegate.swift; sourceTree = "<group>"; };
		97C64672256F8B6300362AD9 /* SceneDelegate.swift */ = {isa = PBXFileReference; lastKnownFileType = sourcecode.swift; path = SceneDelegate.swift; sourceTree = "<group>"; };
		97C64674256F8B6300362AD9 /* ViewController.swift */ = {isa = PBXFileReference; lastKnownFileType = sourcecode.swift; path = ViewController.swift; sourceTree = "<group>"; };
		97C64677256F8B6300362AD9 /* Base */ = {isa = PBXFileReference; lastKnownFileType = file.storyboard; name = Base; path = Base.lproj/Main.storyboard; sourceTree = "<group>"; };
		97C64679256F8B6400362AD9 /* Assets.xcassets */ = {isa = PBXFileReference; lastKnownFileType = folder.assetcatalog; path = Assets.xcassets; sourceTree = "<group>"; };
		97C6467C256F8B6400362AD9 /* Base */ = {isa = PBXFileReference; lastKnownFileType = file.storyboard; name = Base; path = Base.lproj/LaunchScreen.storyboard; sourceTree = "<group>"; };
		97C6467E256F8B6400362AD9 /* Info.plist */ = {isa = PBXFileReference; lastKnownFileType = text.plist.xml; path = Info.plist; sourceTree = "<group>"; };
		97C64685256F97FD00362AD9 /* Concentration.swift */ = {isa = PBXFileReference; lastKnownFileType = sourcecode.swift; path = Concentration.swift; sourceTree = "<group>"; };
		97C64689256F986C00362AD9 /* Card.swift */ = {isa = PBXFileReference; lastKnownFileType = sourcecode.swift; path = Card.swift; sourceTree = "<group>"; };
/* End PBXFileReference section */

/* Begin PBXFrameworksBuildPhase section */
		97C6466A256F8B6300362AD9 /* Frameworks */ = {
			isa = PBXFrameworksBuildPhase;
			buildActionMask = 2147483647;
			files = (
			);
			runOnlyForDeploymentPostprocessing = 0;
		};
/* End PBXFrameworksBuildPhase section */

/* Begin PBXGroup section */
		97C64664256F8B6300362AD9 = {
			isa = PBXGroup;
			children = (
				97C6466F256F8B6300362AD9 /* Concentration Game (MVC) */,
				97C6466E256F8B6300362AD9 /* Products */,
			);
			sourceTree = "<group>";
		};
		97C6466E256F8B6300362AD9 /* Products */ = {
			isa = PBXGroup;
			children = (
				97C6466D256F8B6300362AD9 /* Concentration Game (MVC).app */,
			);
			name = Products;
			sourceTree = "<group>";
		};
		97C6466F256F8B6300362AD9 /* Concentration Game (MVC) */ = {
			isa = PBXGroup;
			children = (
				97C64670256F8B6300362AD9 /* AppDelegate.swift */,
				97C64672256F8B6300362AD9 /* SceneDelegate.swift */,
				97C64685256F97FD00362AD9 /* Concentration.swift */,
				97C64689256F986C00362AD9 /* Card.swift */,
				97C64674256F8B6300362AD9 /* ViewController.swift */,
				97C64676256F8B6300362AD9 /* Main.storyboard */,
				97C64679256F8B6400362AD9 /* Assets.xcassets */,
				97C6467B256F8B6400362AD9 /* LaunchScreen.storyboard */,
				97C6467E256F8B6400362AD9 /* Info.plist */,
			);
			path = "Concentration Game (MVC)";
			sourceTree = "<group>";
		};
/* End PBXGroup section */

/* Begin PBXNativeTarget section */
		97C6466C256F8B6300362AD9 /* Concentration Game (MVC) */ = {
			isa = PBXNativeTarget;
			buildConfigurationList = 97C64681256F8B6400362AD9 /* Build configuration list for PBXNativeTarget "Concentration Game (MVC)" */;
			buildPhases = (
				97C64669256F8B6300362AD9 /* Sources */,
				97C6466A256F8B6300362AD9 /* Frameworks */,
				97C6466B256F8B6300362AD9 /* Resources */,
			);
			buildRules = (
			);
			dependencies = (
			);
			name = "Concentration Game (MVC)";
			productName = "Concentration Game (MVC)";
			productReference = 97C6466D256F8B6300362AD9 /* Concentration Game (MVC).app */;
			productType = "com.apple.product-type.application";
		};
/* End PBXNativeTarget section */

/* Begin PBXProject section */
		97C64665256F8B6300362AD9 /* Project object */ = {
			isa = PBXProject;
			attributes = {
				LastSwiftUpdateCheck = 1210;
				LastUpgradeCheck = 1210;
				TargetAttributes = {
					97C6466C256F8B6300362AD9 = {
						CreatedOnToolsVersion = 12.1;
					};
				};
			};
			buildConfigurationList = 97C64668256F8B6300362AD9 /* Build configuration list for PBXProject "Concentration Game (MVC)" */;
			compatibilityVersion = "Xcode 9.3";
			developmentRegion = en;
			hasScannedForEncodings = 0;
			knownRegions = (
				en,
				Base,
			);
			mainGroup = 97C64664256F8B6300362AD9;
			productRefGroup = 97C6466E256F8B6300362AD9 /* Products */;
			projectDirPath = "";
			projectRoot = "";
			targets = (
				97C6466C256F8B6300362AD9 /* Concentration Game (MVC) */,
			);
		};
/* End PBXProject section */

/* Begin PBXResourcesBuildPhase section */
		97C6466B256F8B6300362AD9 /* Resources */ = {
			isa = PBXResourcesBuildPhase;
			buildActionMask = 2147483647;
			files = (
				97C6467D256F8B6400362AD9 /* LaunchScreen.storyboard in Resources */,
				97C6467A256F8B6400362AD9 /* Assets.xcassets in Resources */,
				97C64678256F8B6300362AD9 /* Main.storyboard in Resources */,
			);
			runOnlyForDeploymentPostprocessing = 0;
		};
/* End PBXResourcesBuildPhase section */

/* Begin PBXSourcesBuildPhase section */
		97C64669256F8B6300362AD9 /* Sources */ = {
			isa = PBXSourcesBuildPhase;
			buildActionMask = 2147483647;
			files = (
				97C64675256F8B6300362AD9 /* ViewController.swift in Sources */,
				97C64686256F97FD00362AD9 /* Concentration.swift in Sources */,
				97C6468A256F986C00362AD9 /* Card.swift in Sources */,
				97C64671256F8B6300362AD9 /* AppDelegate.swift in Sources */,
				97C64673256F8B6300362AD9 /* SceneDelegate.swift in Sources */,
			);
			runOnlyForDeploymentPostprocessing = 0;
		};
/* End PBXSourcesBuildPhase section */

/* Begin PBXVariantGroup section */
		97C64676256F8B6300362AD9 /* Main.storyboard */ = {
			isa = PBXVariantGroup;
			children = (
				97C64677256F8B6300362AD9 /* Base */,
			);
			name = Main.storyboard;
			sourceTree = "<group>";
		};
		97C6467B256F8B6400362AD9 /* LaunchScreen.storyboard */ = {
			isa = PBXVariantGroup;
			children = (
				97C6467C256F8B6400362AD9 /* Base */,
			);
			name = LaunchScreen.storyboard;
			sourceTree = "<group>";
		};
/* End PBXVariantGroup section */

/* Begin XCBuildConfiguration section */
		97C6467F256F8B6400362AD9 /* Debug */ = {
			isa = XCBuildConfiguration;
			buildSettings = {
				ALWAYS_SEARCH_USER_PATHS = NO;
				CLANG_ANALYZER_NONNULL = YES;
				CLANG_ANALYZER_NUMBER_OBJECT_CONVERSION = YES_AGGRESSIVE;
				CLANG_CXX_LANGUAGE_STANDARD = "gnu++14";
				CLANG_CXX_LIBRARY = "libc++";
				CLANG_ENABLE_MODULES = YES;
				CLANG_ENABLE_OBJC_ARC = YES;
				CLANG_ENABLE_OBJC_WEAK = YES;
				CLANG_WARN_BLOCK_CAPTURE_AUTORELEASING = YES;
				CLANG_WARN_BOOL_CONVERSION = YES;
				CLANG_WARN_COMMA = YES;
				CLANG_WARN_CONSTANT_CONVERSION = YES;
				CLANG_WARN_DEPRECATED_OBJC_IMPLEMENTATIONS = YES;
				CLANG_WARN_DIRECT_OBJC_ISA_USAGE = YES_ERROR;
				CLANG_WARN_DOCUMENTATION_COMMENTS = YES;
				CLANG_WARN_EMPTY_BODY = YES;
				CLANG_WARN_ENUM_CONVERSION = YES;
				CLANG_WARN_INFINITE_RECURSION = YES;
				CLANG_WARN_INT_CONVERSION = YES;
				CLANG_WARN_NON_LITERAL_NULL_CONVERSION = YES;
				CLANG_WARN_OBJC_IMPLICIT_RETAIN_SELF = YES;
				CLANG_WARN_OBJC_LITERAL_CONVERSION = YES;
				CLANG_WARN_OBJC_ROOT_CLASS = YES_ERROR;
				CLANG_WARN_QUOTED_INCLUDE_IN_FRAMEWORK_HEADER = YES;
				CLANG_WARN_RANGE_LOOP_ANALYSIS = YES;
				CLANG_WARN_STRICT_PROTOTYPES = YES;
				CLANG_WARN_SUSPICIOUS_MOVE = YES;
				CLANG_WARN_UNGUARDED_AVAILABILITY = YES_AGGRESSIVE;
				CLANG_WARN_UNREACHABLE_CODE = YES;
				CLANG_WARN__DUPLICATE_METHOD_MATCH = YES;
				COPY_PHASE_STRIP = NO;
				DEBUG_INFORMATION_FORMAT = dwarf;
				ENABLE_STRICT_OBJC_MSGSEND = YES;
				ENABLE_TESTABILITY = YES;
				GCC_C_LANGUAGE_STANDARD = gnu11;
				GCC_DYNAMIC_NO_PIC = NO;
				GCC_NO_COMMON_BLOCKS = YES;
				GCC_OPTIMIZATION_LEVEL = 0;
				GCC_PREPROCESSOR_DEFINITIONS = (
					"DEBUG=1",
					"$(inherited)",
				);
				GCC_WARN_64_TO_32_BIT_CONVERSION = YES;
				GCC_WARN_ABOUT_RETURN_TYPE = YES_ERROR;
				GCC_WARN_UNDECLARED_SELECTOR = YES;
				GCC_WARN_UNINITIALIZED_AUTOS = YES_AGGRESSIVE;
				GCC_WARN_UNUSED_FUNCTION = YES;
				GCC_WARN_UNUSED_VARIABLE = YES;
				IPHONEOS_DEPLOYMENT_TARGET = 14.1;
				MTL_ENABLE_DEBUG_INFO = INCLUDE_SOURCE;
				MTL_FAST_MATH = YES;
				ONLY_ACTIVE_ARCH = YES;
				SDKROOT = iphoneos;
				SWIFT_ACTIVE_COMPILATION_CONDITIONS = DEBUG;
				SWIFT_OPTIMIZATION_LEVEL = "-Onone";
			};
			name = Debug;
		};
		97C64680256F8B6400362AD9 /* Release */ = {
			isa = XCBuildConfiguration;
			buildSettings = {
				ALWAYS_SEARCH_USER_PATHS = NO;
				CLANG_ANALYZER_NONNULL = YES;
				CLANG_ANALYZER_NUMBER_OBJECT_CONVERSION = YES_AGGRESSIVE;
				CLANG_CXX_LANGUAGE_STANDARD = "gnu++14";
				CLANG_CXX_LIBRARY = "libc++";
				CLANG_ENABLE_MODULES = YES;
				CLANG_ENABLE_OBJC_ARC = YES;
				CLANG_ENABLE_OBJC_WEAK = YES;
				CLANG_WARN_BLOCK_CAPTURE_AUTORELEASING = YES;
				CLANG_WARN_BOOL_CONVERSION = YES;
				CLANG_WARN_COMMA = YES;
				CLANG_WARN_CONSTANT_CONVERSION = YES;
				CLANG_WARN_DEPRECATED_OBJC_IMPLEMENTATIONS = YES;
				CLANG_WARN_DIRECT_OBJC_ISA_USAGE = YES_ERROR;
				CLANG_WARN_DOCUMENTATION_COMMENTS = YES;
				CLANG_WARN_EMPTY_BODY = YES;
				CLANG_WARN_ENUM_CONVERSION = YES;
				CLANG_WARN_INFINITE_RECURSION = YES;
				CLANG_WARN_INT_CONVERSION = YES;
				CLANG_WARN_NON_LITERAL_NULL_CONVERSION = YES;
				CLANG_WARN_OBJC_IMPLICIT_RETAIN_SELF = YES;
				CLANG_WARN_OBJC_LITERAL_CONVERSION = YES;
				CLANG_WARN_OBJC_ROOT_CLASS = YES_ERROR;
				CLANG_WARN_QUOTED_INCLUDE_IN_FRAMEWORK_HEADER = YES;
				CLANG_WARN_RANGE_LOOP_ANALYSIS = YES;
				CLANG_WARN_STRICT_PROTOTYPES = YES;
				CLANG_WARN_SUSPICIOUS_MOVE = YES;
				CLANG_WARN_UNGUARDED_AVAILABILITY = YES_AGGRESSIVE;
				CLANG_WARN_UNREACHABLE_CODE = YES;
				CLANG_WARN__DUPLICATE_METHOD_MATCH = YES;
				COPY_PHASE_STRIP = NO;
				DEBUG_INFORMATION_FORMAT = "dwarf-with-dsym";
				ENABLE_NS_ASSERTIONS = NO;
				ENABLE_STRICT_OBJC_MSGSEND = YES;
				GCC_C_LANGUAGE_STANDARD = gnu11;
				GCC_NO_COMMON_BLOCKS = YES;
				GCC_WARN_64_TO_32_BIT_CONVERSION = YES;
				GCC_WARN_ABOUT_RETURN_TYPE = YES_ERROR;
				GCC_WARN_UNDECLARED_SELECTOR = YES;
				GCC_WARN_UNINITIALIZED_AUTOS = YES_AGGRESSIVE;
				GCC_WARN_UNUSED_FUNCTION = YES;
				GCC_WARN_UNUSED_VARIABLE = YES;
				IPHONEOS_DEPLOYMENT_TARGET = 14.1;
				MTL_ENABLE_DEBUG_INFO = NO;
				MTL_FAST_MATH = YES;
				SDKROOT = iphoneos;
				SWIFT_COMPILATION_MODE = wholemodule;
				SWIFT_OPTIMIZATION_LEVEL = "-O";
				VALIDATE_PRODUCT = YES;
			};
			name = Release;
		};
		97C64682256F8B6400362AD9 /* Debug */ = {
			isa = XCBuildConfiguration;
			buildSettings = {
				ASSETCATALOG_COMPILER_APPICON_NAME = AppIcon;
				ASSETCATALOG_COMPILER_GLOBAL_ACCENT_COLOR_NAME = AccentColor;
				CODE_SIGN_STYLE = Automatic;
				DEVELOPMENT_TEAM = FQ52H34MLU;
				INFOPLIST_FILE = "Concentration Game (MVC)/Info.plist";
				LD_RUNPATH_SEARCH_PATHS = (
					"$(inherited)",
					"@executable_path/Frameworks",
				);
				PRODUCT_BUNDLE_IDENTIFIER = "com.roypark.Concentration-Game--MVC-";
				PRODUCT_NAME = "$(TARGET_NAME)";
				SWIFT_VERSION = 5.0;
				TARGETED_DEVICE_FAMILY = "1,2";
			};
			name = Debug;
		};
		97C64683256F8B6400362AD9 /* Release */ = {
			isa = XCBuildConfiguration;
			buildSettings = {
				ASSETCATALOG_COMPILER_APPICON_NAME = AppIcon;
				ASSETCATALOG_COMPILER_GLOBAL_ACCENT_COLOR_NAME = AccentColor;
				CODE_SIGN_STYLE = Automatic;
				DEVELOPMENT_TEAM = FQ52H34MLU;
				INFOPLIST_FILE = "Concentration Game (MVC)/Info.plist";
				LD_RUNPATH_SEARCH_PATHS = (
					"$(inherited)",
					"@executable_path/Frameworks",
				);
				PRODUCT_BUNDLE_IDENTIFIER = "com.roypark.Concentration-Game--MVC-";
				PRODUCT_NAME = "$(TARGET_NAME)";
				SWIFT_VERSION = 5.0;
				TARGETED_DEVICE_FAMILY = "1,2";
			};
			name = Release;
		};
/* End XCBuildConfiguration section */

/* Begin XCConfigurationList section */
		97C64668256F8B6300362AD9 /* Build configuration list for PBXProject "Concentration Game (MVC)" */ = {
			isa = XCConfigurationList;
			buildConfigurations = (
				97C6467F256F8B6400362AD9 /* Debug */,
				97C64680256F8B6400362AD9 /* Release */,
			);
			defaultConfigurationIsVisible = 0;
			defaultConfigurationName = Release;
		};
		97C64681256F8B6400362AD9 /* Build configuration list for PBXNativeTarget "Concentration Game (MVC)" */ = {
			isa = XCConfigurationList;
			buildConfigurations = (
				97C64682256F8B6400362AD9 /* Debug */,
				97C64683256F8B6400362AD9 /* Release */,
			);
			defaultConfigurationIsVisible = 0;
			defaultConfigurationName = Release;
		};
/* End XCConfigurationList section */
	};
	rootObject = 97C64665256F8B6300362AD9 /* Project object */;
}
